
Microsoft Visual Studio Solution File, Format Version 12.00
# Visual Studio 15
VisualStudioVersion = 15.0.28307.1525
MinimumVisualStudioVersion = 10.0.40219.1
Project("{8BC9CEB8-8B4A-11D0-8D11-00A0C91BC942}") = "CPP-Cipher", "CPP-Cipher\CPP-Cipher.vcxproj", "{6B88028D-F155-4448-A793-C6E584FC4FFA}"
EndProject
Global
	GlobalSection(SolutionConfigurationPlatforms) = preSolution
		Debug|x64 = Debug|x64
		Debug|x86 = Debug|x86
		Release|x64 = Release|x64
		Release|x86 = Release|x86
	EndGlobalSection
	GlobalSection(ProjectConfigurationPlatforms) = postSolution
		{6B88028D-F155-4448-A793-C6E584FC4FFA}.Debug|x64.ActiveCfg = Debug|x64
		{6B88028D-F155-4448-A793-C6E584FC4FFA}.Debug|x64.Build.0 = Debug|x64
		{6B88028D-F155-4448-A793-C6E584FC4FFA}.Debug|x86.ActiveCfg = Debug|Win32
		{6B88028D-F155-4448-A793-C6E584FC4FFA}.Debug|x86.Build.0 = Debug|Win32
		{6B88028D-F155-4448-A793-C6E584FC4FFA}.Release|x64.ActiveCfg = Release|x64
		{6B88028D-F155-4448-A793-C6E584FC4FFA}.Release|x64.Build.0 = Release|x64
		{6B88028D-F155-4448-A793-C6E584FC4FFA}.Release|x86.ActiveCfg = Release|Win32
		{6B88028D-F155-4448-A793-C6E584FC4FFA}.Release|x86.Build.0 = Release|Win32
	EndGlobalSection
	GlobalSection(SolutionProperties) = preSolution
		HideSolutionNode = FALSE
	EndGlobalSection
	GlobalSection(ExtensibilityGlobals) = postSolution
		SolutionGuid = {F4246F04-5AC9-453E-BAC3-E42DB26DB18E}
	EndGlobalSection
EndGlobal
